
Microsoft Visual Studio Solution File, Format Version 12.00
# Visual Studio Version 17
VisualStudioVersion = 17.0.31903.59
MinimumVisualStudioVersion = 10.0.40219.1
Project("{2150E333-8FDC-42A3-9474-1A3956D46DE8}") = "src", "src", "{DA92CE77-12E6-4896-A2DF-23F5D83D40A0}"
EndProject
Project("{FAE04EC0-301F-11D3-BF4B-00C04F79EFBC}") = "Roto.Core", "src\Roto.Core\Roto.Core.csproj", "{0865D655-99EA-4B20-B1D1-93461942C12F}"
EndProject
Project("{FAE04EC0-301F-11D3-BF4B-00C04F79EFBC}") = "RotoDex.Adapter", "src\RotoDex.Adapter\RotoDex.Adapter.csproj", "{B5CE312F-B0C7-4DF0-9F07-68C2E7801F10}"
EndProject
Project("{FAE04EC0-301F-11D3-BF4B-00C04F79EFBC}") = "RotoDex.Core", "src\RotoDex.Core\RotoDex.Core.csproj", "{4679E2AD-AB7E-472F-BA86-5EA57D7A3C88}"
EndProject
Project("{FAE04EC0-301F-11D3-BF4B-00C04F79EFBC}") = "RotoDex.Desktop", "src\RotoDex.Desktop\RotoDex.Desktop.csproj", "{B5FB18F1-06AE-462E-AF77-5BE0C68894D0}"
EndProject
Project("{2150E333-8FDC-42A3-9474-1A3956D46DE8}") = "tests", "tests", "{D47BFBED-4A49-4C06-BA63-7E2CAD57465B}"
EndProject
Project("{FAE04EC0-301F-11D3-BF4B-00C04F79EFBC}") = "RotoDex.Adapter.Tests", "tests\RotoDex.Adapter.Tests\RotoDex.Adapter.Tests.csproj", "{650B342B-4A7A-4F2E-9093-FA6FE56D7786}"
EndProject
Project("{FAE04EC0-301F-11D3-BF4B-00C04F79EFBC}") = "RotoDex.Core.Tests", "tests\RotoDex.Core.Tests\RotoDex.Core.Tests.csproj", "{C110CE63-3127-43A1-A8AF-E58ED051DA96}"
EndProject
Project("{FAE04EC0-301F-11D3-BF4B-00C04F79EFBC}") = "RotoDex.Integration.Tests", "tests\RotoDex.Integration.Tests\RotoDex.Integration.Tests.csproj", "{C8F4489C-CDA4-4CAC-87CB-601A562CB108}"
EndProject
Project("{2150E333-8FDC-42A3-9474-1A3956D46DE8}") = "tools", "tools", "{E2452CB5-1341-4254-8844-C47049044700}"
EndProject
Project("{FAE04EC0-301F-11D3-BF4B-00C04F79EFBC}") = "Roto.Dumper", "tools\Roto.Dumper\Roto.Dumper.csproj", "{DE9FA95E-3DC9-47D9-8F65-B06C0E3D3127}"
EndProject
Project("{FAE04EC0-301F-11D3-BF4B-00C04F79EFBC}") = "RotoDex.Analyzer", "src\RotoDex.Analyzer\RotoDex.Analyzer.csproj", "{A7ED19BB-36D9-4B4F-8974-7BCE4B1E4E27}"
EndProject
Project("{FAE04EC0-301F-11D3-BF4B-00C04F79EFBC}") = "RotoDex.Drawing", "src\RotoDex.Drawing\RotoDex.Drawing.csproj", "{3430B8FD-6EBE-4FEB-B844-156547CA93E5}"
EndProject
Project("{FAE04EC0-301F-11D3-BF4B-00C04F79EFBC}") = "RotoDex.Drawing.Misc", "src\RotoDex.Drawing.Misc\RotoDex.Drawing.Misc.csproj", "{9E75CC7A-74D3-4CD7-84C1-9EB9908D3A81}"
EndProject
Project("{FAE04EC0-301F-11D3-BF4B-00C04F79EFBC}") = "RotoDex.Drawing.PokeSprite", "src\RotoDex.Drawing.PokeSprite\RotoDex.Drawing.PokeSprite.csproj", "{1D064B3D-E2B3-42C3-9B49-3100CC896F1A}"
EndProject
Project("{FAE04EC0-301F-11D3-BF4B-00C04F79EFBC}") = "RotoDex.Bot", "src\RotoDex.Bot\RotoDex.Bot.csproj", "{3245FF57-9DFC-4C27-A292-F58396CC5C97}"
EndProject
Project("{FAE04EC0-301F-11D3-BF4B-00C04F79EFBC}") = "Lore.Dumper", "tools\Lore.Dumper\Lore.Dumper.csproj", "{B4F4B93E-8FB9-47D2-B82D-0C684D14E0BC}"
EndProject
Project("{FAE04EC0-301F-11D3-BF4B-00C04F79EFBC}") = "RotoDex.Mobile", "src\RotoDex.Mobile\RotoDex.Mobile.csproj", "{A9F3030D-4CA8-4BF3-A1B0-36E0CAD840D6}"
EndProject
Global
	GlobalSection(SolutionConfigurationPlatforms) = preSolution
		Debug|Any CPU = Debug|Any CPU
		Debug|x64 = Debug|x64
		Debug|x86 = Debug|x86
		Release|Any CPU = Release|Any CPU
		Release|x64 = Release|x64
		Release|x86 = Release|x86
	EndGlobalSection
	GlobalSection(ProjectConfigurationPlatforms) = postSolution
		{0865D655-99EA-4B20-B1D1-93461942C12F}.Debug|Any CPU.ActiveCfg = Debug|Any CPU
		{0865D655-99EA-4B20-B1D1-93461942C12F}.Debug|Any CPU.Build.0 = Debug|Any CPU
		{0865D655-99EA-4B20-B1D1-93461942C12F}.Debug|x64.ActiveCfg = Debug|Any CPU
		{0865D655-99EA-4B20-B1D1-93461942C12F}.Debug|x64.Build.0 = Debug|Any CPU
		{0865D655-99EA-4B20-B1D1-93461942C12F}.Debug|x86.ActiveCfg = Debug|Any CPU
		{0865D655-99EA-4B20-B1D1-93461942C12F}.Debug|x86.Build.0 = Debug|Any CPU
		{0865D655-99EA-4B20-B1D1-93461942C12F}.Release|Any CPU.ActiveCfg = Release|Any CPU
		{0865D655-99EA-4B20-B1D1-93461942C12F}.Release|Any CPU.Build.0 = Release|Any CPU
		{0865D655-99EA-4B20-B1D1-93461942C12F}.Release|x64.ActiveCfg = Release|Any CPU
		{0865D655-99EA-4B20-B1D1-93461942C12F}.Release|x64.Build.0 = Release|Any CPU
		{0865D655-99EA-4B20-B1D1-93461942C12F}.Release|x86.ActiveCfg = Release|Any CPU
		{0865D655-99EA-4B20-B1D1-93461942C12F}.Release|x86.Build.0 = Release|Any CPU
		{B5CE312F-B0C7-4DF0-9F07-68C2E7801F10}.Debug|Any CPU.ActiveCfg = Debug|Any CPU
		{B5CE312F-B0C7-4DF0-9F07-68C2E7801F10}.Debug|Any CPU.Build.0 = Debug|Any CPU
		{B5CE312F-B0C7-4DF0-9F07-68C2E7801F10}.Debug|x64.ActiveCfg = Debug|Any CPU
		{B5CE312F-B0C7-4DF0-9F07-68C2E7801F10}.Debug|x64.Build.0 = Debug|Any CPU
		{B5CE312F-B0C7-4DF0-9F07-68C2E7801F10}.Debug|x86.ActiveCfg = Debug|Any CPU
		{B5CE312F-B0C7-4DF0-9F07-68C2E7801F10}.Debug|x86.Build.0 = Debug|Any CPU
		{B5CE312F-B0C7-4DF0-9F07-68C2E7801F10}.Release|Any CPU.ActiveCfg = Release|Any CPU
		{B5CE312F-B0C7-4DF0-9F07-68C2E7801F10}.Release|Any CPU.Build.0 = Release|Any CPU
		{B5CE312F-B0C7-4DF0-9F07-68C2E7801F10}.Release|x64.ActiveCfg = Release|Any CPU
		{B5CE312F-B0C7-4DF0-9F07-68C2E7801F10}.Release|x64.Build.0 = Release|Any CPU
		{B5CE312F-B0C7-4DF0-9F07-68C2E7801F10}.Release|x86.ActiveCfg = Release|Any CPU
		{B5CE312F-B0C7-4DF0-9F07-68C2E7801F10}.Release|x86.Build.0 = Release|Any CPU
		{4679E2AD-AB7E-472F-BA86-5EA57D7A3C88}.Debug|Any CPU.ActiveCfg = Debug|Any CPU
		{4679E2AD-AB7E-472F-BA86-5EA57D7A3C88}.Debug|Any CPU.Build.0 = Debug|Any CPU
		{4679E2AD-AB7E-472F-BA86-5EA57D7A3C88}.Debug|x64.ActiveCfg = Debug|Any CPU
		{4679E2AD-AB7E-472F-BA86-5EA57D7A3C88}.Debug|x64.Build.0 = Debug|Any CPU
		{4679E2AD-AB7E-472F-BA86-5EA57D7A3C88}.Debug|x86.ActiveCfg = Debug|Any CPU
		{4679E2AD-AB7E-472F-BA86-5EA57D7A3C88}.Debug|x86.Build.0 = Debug|Any CPU
		{4679E2AD-AB7E-472F-BA86-5EA57D7A3C88}.Release|Any CPU.ActiveCfg = Release|Any CPU
		{4679E2AD-AB7E-472F-BA86-5EA57D7A3C88}.Release|Any CPU.Build.0 = Release|Any CPU
		{4679E2AD-AB7E-472F-BA86-5EA57D7A3C88}.Release|x64.ActiveCfg = Release|Any CPU
		{4679E2AD-AB7E-472F-BA86-5EA57D7A3C88}.Release|x64.Build.0 = Release|Any CPU
		{4679E2AD-AB7E-472F-BA86-5EA57D7A3C88}.Release|x86.ActiveCfg = Release|Any CPU
		{4679E2AD-AB7E-472F-BA86-5EA57D7A3C88}.Release|x86.Build.0 = Release|Any CPU
		{B5FB18F1-06AE-462E-AF77-5BE0C68894D0}.Debug|Any CPU.ActiveCfg = Debug|Any CPU
		{B5FB18F1-06AE-462E-AF77-5BE0C68894D0}.Debug|Any CPU.Build.0 = Debug|Any CPU
		{B5FB18F1-06AE-462E-AF77-5BE0C68894D0}.Debug|x64.ActiveCfg = Debug|Any CPU
		{B5FB18F1-06AE-462E-AF77-5BE0C68894D0}.Debug|x64.Build.0 = Debug|Any CPU
		{B5FB18F1-06AE-462E-AF77-5BE0C68894D0}.Debug|x86.ActiveCfg = Debug|Any CPU
		{B5FB18F1-06AE-462E-AF77-5BE0C68894D0}.Debug|x86.Build.0 = Debug|Any CPU
		{B5FB18F1-06AE-462E-AF77-5BE0C68894D0}.Release|Any CPU.ActiveCfg = Release|Any CPU
		{B5FB18F1-06AE-462E-AF77-5BE0C68894D0}.Release|Any CPU.Build.0 = Release|Any CPU
		{B5FB18F1-06AE-462E-AF77-5BE0C68894D0}.Release|x64.ActiveCfg = Release|Any CPU
		{B5FB18F1-06AE-462E-AF77-5BE0C68894D0}.Release|x64.Build.0 = Release|Any CPU
		{B5FB18F1-06AE-462E-AF77-5BE0C68894D0}.Release|x86.ActiveCfg = Release|Any CPU
		{B5FB18F1-06AE-462E-AF77-5BE0C68894D0}.Release|x86.Build.0 = Release|Any CPU
		{650B342B-4A7A-4F2E-9093-FA6FE56D7786}.Debug|Any CPU.ActiveCfg = Debug|Any CPU
		{650B342B-4A7A-4F2E-9093-FA6FE56D7786}.Debug|Any CPU.Build.0 = Debug|Any CPU
		{650B342B-4A7A-4F2E-9093-FA6FE56D7786}.Debug|x64.ActiveCfg = Debug|Any CPU
		{650B342B-4A7A-4F2E-9093-FA6FE56D7786}.Debug|x64.Build.0 = Debug|Any CPU
		{650B342B-4A7A-4F2E-9093-FA6FE56D7786}.Debug|x86.ActiveCfg = Debug|Any CPU
		{650B342B-4A7A-4F2E-9093-FA6FE56D7786}.Debug|x86.Build.0 = Debug|Any CPU
		{650B342B-4A7A-4F2E-9093-FA6FE56D7786}.Release|Any CPU.ActiveCfg = Release|Any CPU
		{650B342B-4A7A-4F2E-9093-FA6FE56D7786}.Release|Any CPU.Build.0 = Release|Any CPU
		{650B342B-4A7A-4F2E-9093-FA6FE56D7786}.Release|x64.ActiveCfg = Release|Any CPU
		{650B342B-4A7A-4F2E-9093-FA6FE56D7786}.Release|x64.Build.0 = Release|Any CPU
		{650B342B-4A7A-4F2E-9093-FA6FE56D7786}.Release|x86.ActiveCfg = Release|Any CPU
		{650B342B-4A7A-4F2E-9093-FA6FE56D7786}.Release|x86.Build.0 = Release|Any CPU
		{C110CE63-3127-43A1-A8AF-E58ED051DA96}.Debug|Any CPU.ActiveCfg = Debug|Any CPU
		{C110CE63-3127-43A1-A8AF-E58ED051DA96}.Debug|Any CPU.Build.0 = Debug|Any CPU
		{C110CE63-3127-43A1-A8AF-E58ED051DA96}.Debug|x64.ActiveCfg = Debug|Any CPU
		{C110CE63-3127-43A1-A8AF-E58ED051DA96}.Debug|x64.Build.0 = Debug|Any CPU
		{C110CE63-3127-43A1-A8AF-E58ED051DA96}.Debug|x86.ActiveCfg = Debug|Any CPU
		{C110CE63-3127-43A1-A8AF-E58ED051DA96}.Debug|x86.Build.0 = Debug|Any CPU
		{C110CE63-3127-43A1-A8AF-E58ED051DA96}.Release|Any CPU.ActiveCfg = Release|Any CPU
		{C110CE63-3127-43A1-A8AF-E58ED051DA96}.Release|Any CPU.Build.0 = Release|Any CPU
		{C110CE63-3127-43A1-A8AF-E58ED051DA96}.Release|x64.ActiveCfg = Release|Any CPU
		{C110CE63-3127-43A1-A8AF-E58ED051DA96}.Release|x64.Build.0 = Release|Any CPU
		{C110CE63-3127-43A1-A8AF-E58ED051DA96}.Release|x86.ActiveCfg = Release|Any CPU
		{C110CE63-3127-43A1-A8AF-E58ED051DA96}.Release|x86.Build.0 = Release|Any CPU
		{C8F4489C-CDA4-4CAC-87CB-601A562CB108}.Debug|Any CPU.ActiveCfg = Debug|Any CPU
		{C8F4489C-CDA4-4CAC-87CB-601A562CB108}.Debug|Any CPU.Build.0 = Debug|Any CPU
		{C8F4489C-CDA4-4CAC-87CB-601A562CB108}.Debug|x64.ActiveCfg = Debug|Any CPU
		{C8F4489C-CDA4-4CAC-87CB-601A562CB108}.Debug|x64.Build.0 = Debug|Any CPU
		{C8F4489C-CDA4-4CAC-87CB-601A562CB108}.Debug|x86.ActiveCfg = Debug|Any CPU
		{C8F4489C-CDA4-4CAC-87CB-601A562CB108}.Debug|x86.Build.0 = Debug|Any CPU
		{C8F4489C-CDA4-4CAC-87CB-601A562CB108}.Release|Any CPU.ActiveCfg = Release|Any CPU
		{C8F4489C-CDA4-4CAC-87CB-601A562CB108}.Release|Any CPU.Build.0 = Release|Any CPU
		{C8F4489C-CDA4-4CAC-87CB-601A562CB108}.Release|x64.ActiveCfg = Release|Any CPU
		{C8F4489C-CDA4-4CAC-87CB-601A562CB108}.Release|x64.Build.0 = Release|Any CPU
		{C8F4489C-CDA4-4CAC-87CB-601A562CB108}.Release|x86.ActiveCfg = Release|Any CPU
		{C8F4489C-CDA4-4CAC-87CB-601A562CB108}.Release|x86.Build.0 = Release|Any CPU
		{DE9FA95E-3DC9-47D9-8F65-B06C0E3D3127}.Debug|Any CPU.ActiveCfg = Debug|Any CPU
		{DE9FA95E-3DC9-47D9-8F65-B06C0E3D3127}.Debug|Any CPU.Build.0 = Debug|Any CPU
		{DE9FA95E-3DC9-47D9-8F65-B06C0E3D3127}.Debug|x64.ActiveCfg = Debug|Any CPU
		{DE9FA95E-3DC9-47D9-8F65-B06C0E3D3127}.Debug|x64.Build.0 = Debug|Any CPU
		{DE9FA95E-3DC9-47D9-8F65-B06C0E3D3127}.Debug|x86.ActiveCfg = Debug|Any CPU
		{DE9FA95E-3DC9-47D9-8F65-B06C0E3D3127}.Debug|x86.Build.0 = Debug|Any CPU
		{DE9FA95E-3DC9-47D9-8F65-B06C0E3D3127}.Release|Any CPU.ActiveCfg = Release|Any CPU
		{DE9FA95E-3DC9-47D9-8F65-B06C0E3D3127}.Release|Any CPU.Build.0 = Release|Any CPU
		{DE9FA95E-3DC9-47D9-8F65-B06C0E3D3127}.Release|x64.ActiveCfg = Release|Any CPU
		{DE9FA95E-3DC9-47D9-8F65-B06C0E3D3127}.Release|x64.Build.0 = Release|Any CPU
		{DE9FA95E-3DC9-47D9-8F65-B06C0E3D3127}.Release|x86.ActiveCfg = Release|Any CPU
		{DE9FA95E-3DC9-47D9-8F65-B06C0E3D3127}.Release|x86.Build.0 = Release|Any CPU
		{A7ED19BB-36D9-4B4F-8974-7BCE4B1E4E27}.Debug|Any CPU.ActiveCfg = Debug|Any CPU
		{A7ED19BB-36D9-4B4F-8974-7BCE4B1E4E27}.Debug|Any CPU.Build.0 = Debug|Any CPU
		{A7ED19BB-36D9-4B4F-8974-7BCE4B1E4E27}.Debug|x64.ActiveCfg = Debug|Any CPU
		{A7ED19BB-36D9-4B4F-8974-7BCE4B1E4E27}.Debug|x64.Build.0 = Debug|Any CPU
		{A7ED19BB-36D9-4B4F-8974-7BCE4B1E4E27}.Debug|x86.ActiveCfg = Debug|Any CPU
		{A7ED19BB-36D9-4B4F-8974-7BCE4B1E4E27}.Debug|x86.Build.0 = Debug|Any CPU
		{A7ED19BB-36D9-4B4F-8974-7BCE4B1E4E27}.Release|Any CPU.ActiveCfg = Release|Any CPU
		{A7ED19BB-36D9-4B4F-8974-7BCE4B1E4E27}.Release|Any CPU.Build.0 = Release|Any CPU
		{A7ED19BB-36D9-4B4F-8974-7BCE4B1E4E27}.Release|x64.ActiveCfg = Release|Any CPU
		{A7ED19BB-36D9-4B4F-8974-7BCE4B1E4E27}.Release|x64.Build.0 = Release|Any CPU
		{A7ED19BB-36D9-4B4F-8974-7BCE4B1E4E27}.Release|x86.ActiveCfg = Release|Any CPU
		{A7ED19BB-36D9-4B4F-8974-7BCE4B1E4E27}.Release|x86.Build.0 = Release|Any CPU
		{3430B8FD-6EBE-4FEB-B844-156547CA93E5}.Debug|Any CPU.ActiveCfg = Debug|Any CPU
		{3430B8FD-6EBE-4FEB-B844-156547CA93E5}.Debug|Any CPU.Build.0 = Debug|Any CPU
		{3430B8FD-6EBE-4FEB-B844-156547CA93E5}.Debug|x64.ActiveCfg = Debug|Any CPU
		{3430B8FD-6EBE-4FEB-B844-156547CA93E5}.Debug|x64.Build.0 = Debug|Any CPU
		{3430B8FD-6EBE-4FEB-B844-156547CA93E5}.Debug|x86.ActiveCfg = Debug|Any CPU
		{3430B8FD-6EBE-4FEB-B844-156547CA93E5}.Debug|x86.Build.0 = Debug|Any CPU
		{3430B8FD-6EBE-4FEB-B844-156547CA93E5}.Release|Any CPU.ActiveCfg = Release|Any CPU
		{3430B8FD-6EBE-4FEB-B844-156547CA93E5}.Release|Any CPU.Build.0 = Release|Any CPU
		{3430B8FD-6EBE-4FEB-B844-156547CA93E5}.Release|x64.ActiveCfg = Release|Any CPU
		{3430B8FD-6EBE-4FEB-B844-156547CA93E5}.Release|x64.Build.0 = Release|Any CPU
		{3430B8FD-6EBE-4FEB-B844-156547CA93E5}.Release|x86.ActiveCfg = Release|Any CPU
		{3430B8FD-6EBE-4FEB-B844-156547CA93E5}.Release|x86.Build.0 = Release|Any CPU
		{9E75CC7A-74D3-4CD7-84C1-9EB9908D3A81}.Debug|Any CPU.ActiveCfg = Debug|Any CPU
		{9E75CC7A-74D3-4CD7-84C1-9EB9908D3A81}.Debug|Any CPU.Build.0 = Debug|Any CPU
		{9E75CC7A-74D3-4CD7-84C1-9EB9908D3A81}.Debug|x64.ActiveCfg = Debug|Any CPU
		{9E75CC7A-74D3-4CD7-84C1-9EB9908D3A81}.Debug|x64.Build.0 = Debug|Any CPU
		{9E75CC7A-74D3-4CD7-84C1-9EB9908D3A81}.Debug|x86.ActiveCfg = Debug|Any CPU
		{9E75CC7A-74D3-4CD7-84C1-9EB9908D3A81}.Debug|x86.Build.0 = Debug|Any CPU
		{9E75CC7A-74D3-4CD7-84C1-9EB9908D3A81}.Release|Any CPU.ActiveCfg = Release|Any CPU
		{9E75CC7A-74D3-4CD7-84C1-9EB9908D3A81}.Release|Any CPU.Build.0 = Release|Any CPU
		{9E75CC7A-74D3-4CD7-84C1-9EB9908D3A81}.Release|x64.ActiveCfg = Release|Any CPU
		{9E75CC7A-74D3-4CD7-84C1-9EB9908D3A81}.Release|x64.Build.0 = Release|Any CPU
		{9E75CC7A-74D3-4CD7-84C1-9EB9908D3A81}.Release|x86.ActiveCfg = Release|Any CPU
		{9E75CC7A-74D3-4CD7-84C1-9EB9908D3A81}.Release|x86.Build.0 = Release|Any CPU
		{1D064B3D-E2B3-42C3-9B49-3100CC896F1A}.Debug|Any CPU.ActiveCfg = Debug|Any CPU
		{1D064B3D-E2B3-42C3-9B49-3100CC896F1A}.Debug|Any CPU.Build.0 = Debug|Any CPU
		{1D064B3D-E2B3-42C3-9B49-3100CC896F1A}.Debug|x64.ActiveCfg = Debug|Any CPU
		{1D064B3D-E2B3-42C3-9B49-3100CC896F1A}.Debug|x64.Build.0 = Debug|Any CPU
		{1D064B3D-E2B3-42C3-9B49-3100CC896F1A}.Debug|x86.ActiveCfg = Debug|Any CPU
		{1D064B3D-E2B3-42C3-9B49-3100CC896F1A}.Debug|x86.Build.0 = Debug|Any CPU
		{1D064B3D-E2B3-42C3-9B49-3100CC896F1A}.Release|Any CPU.ActiveCfg = Release|Any CPU
		{1D064B3D-E2B3-42C3-9B49-3100CC896F1A}.Release|Any CPU.Build.0 = Release|Any CPU
		{1D064B3D-E2B3-42C3-9B49-3100CC896F1A}.Release|x64.ActiveCfg = Release|Any CPU
		{1D064B3D-E2B3-42C3-9B49-3100CC896F1A}.Release|x64.Build.0 = Release|Any CPU
		{1D064B3D-E2B3-42C3-9B49-3100CC896F1A}.Release|x86.ActiveCfg = Release|Any CPU
		{1D064B3D-E2B3-42C3-9B49-3100CC896F1A}.Release|x86.Build.0 = Release|Any CPU
		{3245FF57-9DFC-4C27-A292-F58396CC5C97}.Debug|Any CPU.ActiveCfg = Debug|Any CPU
		{3245FF57-9DFC-4C27-A292-F58396CC5C97}.Debug|Any CPU.Build.0 = Debug|Any CPU
		{3245FF57-9DFC-4C27-A292-F58396CC5C97}.Debug|x64.ActiveCfg = Debug|Any CPU
		{3245FF57-9DFC-4C27-A292-F58396CC5C97}.Debug|x64.Build.0 = Debug|Any CPU
		{3245FF57-9DFC-4C27-A292-F58396CC5C97}.Debug|x86.ActiveCfg = Debug|Any CPU
		{3245FF57-9DFC-4C27-A292-F58396CC5C97}.Debug|x86.Build.0 = Debug|Any CPU
		{3245FF57-9DFC-4C27-A292-F58396CC5C97}.Release|Any CPU.ActiveCfg = Release|Any CPU
		{3245FF57-9DFC-4C27-A292-F58396CC5C97}.Release|Any CPU.Build.0 = Release|Any CPU
		{3245FF57-9DFC-4C27-A292-F58396CC5C97}.Release|x64.ActiveCfg = Release|Any CPU
		{3245FF57-9DFC-4C27-A292-F58396CC5C97}.Release|x64.Build.0 = Release|Any CPU
		{3245FF57-9DFC-4C27-A292-F58396CC5C97}.Release|x86.ActiveCfg = Release|Any CPU
		{3245FF57-9DFC-4C27-A292-F58396CC5C97}.Release|x86.Build.0 = Release|Any CPU
		{B4F4B93E-8FB9-47D2-B82D-0C684D14E0BC}.Debug|Any CPU.ActiveCfg = Debug|Any CPU
		{B4F4B93E-8FB9-47D2-B82D-0C684D14E0BC}.Debug|Any CPU.Build.0 = Debug|Any CPU
		{B4F4B93E-8FB9-47D2-B82D-0C684D14E0BC}.Debug|x64.ActiveCfg = Debug|Any CPU
		{B4F4B93E-8FB9-47D2-B82D-0C684D14E0BC}.Debug|x64.Build.0 = Debug|Any CPU
		{B4F4B93E-8FB9-47D2-B82D-0C684D14E0BC}.Debug|x86.ActiveCfg = Debug|Any CPU
		{B4F4B93E-8FB9-47D2-B82D-0C684D14E0BC}.Debug|x86.Build.0 = Debug|Any CPU
		{B4F4B93E-8FB9-47D2-B82D-0C684D14E0BC}.Release|Any CPU.ActiveCfg = Release|Any CPU
		{B4F4B93E-8FB9-47D2-B82D-0C684D14E0BC}.Release|Any CPU.Build.0 = Release|Any CPU
		{B4F4B93E-8FB9-47D2-B82D-0C684D14E0BC}.Release|x64.ActiveCfg = Release|Any CPU
		{B4F4B93E-8FB9-47D2-B82D-0C684D14E0BC}.Release|x64.Build.0 = Release|Any CPU
		{B4F4B93E-8FB9-47D2-B82D-0C684D14E0BC}.Release|x86.ActiveCfg = Release|Any CPU
		{B4F4B93E-8FB9-47D2-B82D-0C684D14E0BC}.Release|x86.Build.0 = Release|Any CPU
		{A9F3030D-4CA8-4BF3-A1B0-36E0CAD840D6}.Debug|Any CPU.ActiveCfg = Debug|Any CPU
		{A9F3030D-4CA8-4BF3-A1B0-36E0CAD840D6}.Debug|Any CPU.Build.0 = Debug|Any CPU
		{A9F3030D-4CA8-4BF3-A1B0-36E0CAD840D6}.Debug|x64.ActiveCfg = Debug|Any CPU
		{A9F3030D-4CA8-4BF3-A1B0-36E0CAD840D6}.Debug|x64.Build.0 = Debug|Any CPU
		{A9F3030D-4CA8-4BF3-A1B0-36E0CAD840D6}.Debug|x86.ActiveCfg = Debug|Any CPU
		{A9F3030D-4CA8-4BF3-A1B0-36E0CAD840D6}.Debug|x86.Build.0 = Debug|Any CPU
		{A9F3030D-4CA8-4BF3-A1B0-36E0CAD840D6}.Release|Any CPU.ActiveCfg = Release|Any CPU
		{A9F3030D-4CA8-4BF3-A1B0-36E0CAD840D6}.Release|Any CPU.Build.0 = Release|Any CPU
		{A9F3030D-4CA8-4BF3-A1B0-36E0CAD840D6}.Release|x64.ActiveCfg = Release|Any CPU
		{A9F3030D-4CA8-4BF3-A1B0-36E0CAD840D6}.Release|x64.Build.0 = Release|Any CPU
		{A9F3030D-4CA8-4BF3-A1B0-36E0CAD840D6}.Release|x86.ActiveCfg = Release|Any CPU
		{A9F3030D-4CA8-4BF3-A1B0-36E0CAD840D6}.Release|x86.Build.0 = Release|Any CPU
	EndGlobalSection
	GlobalSection(SolutionProperties) = preSolution
		HideSolutionNode = FALSE
	EndGlobalSection
	GlobalSection(NestedProjects) = preSolution
		{0865D655-99EA-4B20-B1D1-93461942C12F} = {DA92CE77-12E6-4896-A2DF-23F5D83D40A0}
		{B5CE312F-B0C7-4DF0-9F07-68C2E7801F10} = {DA92CE77-12E6-4896-A2DF-23F5D83D40A0}
		{4679E2AD-AB7E-472F-BA86-5EA57D7A3C88} = {DA92CE77-12E6-4896-A2DF-23F5D83D40A0}
		{B5FB18F1-06AE-462E-AF77-5BE0C68894D0} = {DA92CE77-12E6-4896-A2DF-23F5D83D40A0}
		{650B342B-4A7A-4F2E-9093-FA6FE56D7786} = {D47BFBED-4A49-4C06-BA63-7E2CAD57465B}
		{C110CE63-3127-43A1-A8AF-E58ED051DA96} = {D47BFBED-4A49-4C06-BA63-7E2CAD57465B}
		{C8F4489C-CDA4-4CAC-87CB-601A562CB108} = {D47BFBED-4A49-4C06-BA63-7E2CAD57465B}
		{DE9FA95E-3DC9-47D9-8F65-B06C0E3D3127} = {E2452CB5-1341-4254-8844-C47049044700}
		{A7ED19BB-36D9-4B4F-8974-7BCE4B1E4E27} = {DA92CE77-12E6-4896-A2DF-23F5D83D40A0}
		{3430B8FD-6EBE-4FEB-B844-156547CA93E5} = {DA92CE77-12E6-4896-A2DF-23F5D83D40A0}
		{9E75CC7A-74D3-4CD7-84C1-9EB9908D3A81} = {DA92CE77-12E6-4896-A2DF-23F5D83D40A0}
		{1D064B3D-E2B3-42C3-9B49-3100CC896F1A} = {DA92CE77-12E6-4896-A2DF-23F5D83D40A0}
		{3245FF57-9DFC-4C27-A292-F58396CC5C97} = {DA92CE77-12E6-4896-A2DF-23F5D83D40A0}
		{B4F4B93E-8FB9-47D2-B82D-0C684D14E0BC} = {E2452CB5-1341-4254-8844-C47049044700}
		{A9F3030D-4CA8-4BF3-A1B0-36E0CAD840D6} = {DA92CE77-12E6-4896-A2DF-23F5D83D40A0}
	EndGlobalSection
EndGlobal
